
Microsoft Visual Studio Solution File, Format Version 12.00
# Visual Studio Version 17
VisualStudioVersion = 17.14.36301.6 d17.14
MinimumVisualStudioVersion = 10.0.40219.1
Project("{FAE04EC0-301F-11D3-BF4B-00C04F79EFBC}") = "DotNET-WebApplication", "DotNET-WebApplication\DotNET-WebApplication.csproj", "{3E935F88-5E11-4B83-99AF-AE2F30980743}"
EndProject
Global
	GlobalSection(SolutionConfigurationPlatforms) = preSolution
		Debug|Any CPU = Debug|Any CPU
		Release|Any CPU = Release|Any CPU
	EndGlobalSection
	GlobalSection(ProjectConfigurationPlatforms) = postSolution
		{3E935F88-5E11-4B83-99AF-AE2F30980743}.Debug|Any CPU.ActiveCfg = Debug|Any CPU
		{3E935F88-5E11-4B83-99AF-AE2F30980743}.Debug|Any CPU.Build.0 = Debug|Any CPU
		{3E935F88-5E11-4B83-99AF-AE2F30980743}.Release|Any CPU.ActiveCfg = Release|Any CPU
		{3E935F88-5E11-4B83-99AF-AE2F30980743}.Release|Any CPU.Build.0 = Release|Any CPU
	EndGlobalSection
	GlobalSection(SolutionProperties) = preSolution
		HideSolutionNode = FALSE
	EndGlobalSection
	GlobalSection(ExtensibilityGlobals) = postSolution
		SolutionGuid = {20D65F30-8F5C-4E53-8712-0264D4591302}
	EndGlobalSection
EndGlobal
